# THIS IS AN AUTOGENERATED FILE. DO NOT EDIT THIS FILE DIRECTLY.
# yarn lockfile v1


react-stripe-checkout@^2.6.3:
  version "2.6.3"
  resolved "https://registry.yarnpkg.com/react-stripe-checkout/-/react-stripe-checkout-2.6.3.tgz#3173a870b04e5a3c321a06d24cd53c6030111c45"
  integrity sha1-MXOocLBOWjwyGgbSTNU8YDARHEU=
